// !$*UTF8*$!
{
	archiveVersion = 1;
	classes = {
	};
	objectVersion = 56;
	objects = {

/* Begin PBXBuildFile section */
		5B029ADE29A5EC02003829C9 /* AppDelegate.swift in Sources */ = {isa = PBXBuildFile; fileRef = 5B029ADD29A5EC02003829C9 /* AppDelegate.swift */; };
		5B029AE029A5EC02003829C9 /* SceneDelegate.swift in Sources */ = {isa = PBXBuildFile; fileRef = 5B029ADF29A5EC02003829C9 /* SceneDelegate.swift */; };
		5B029AE229A5EC02003829C9 /* ViewController.swift in Sources */ = {isa = PBXBuildFile; fileRef = 5B029AE129A5EC02003829C9 /* ViewController.swift */; };
		5B029AE529A5EC02003829C9 /* Main.storyboard in Resources */ = {isa = PBXBuildFile; fileRef = 5B029AE329A5EC02003829C9 /* Main.storyboard */; };
		5B029AE729A5EC03003829C9 /* Assets.xcassets in Resources */ = {isa = PBXBuildFile; fileRef = 5B029AE629A5EC03003829C9 /* Assets.xcassets */; };
		5B029AEA29A5EC03003829C9 /* LaunchScreen.storyboard in Resources */ = {isa = PBXBuildFile; fileRef = 5B029AE829A5EC03003829C9 /* LaunchScreen.storyboard */; };
		5B029AF229A5F9EB003829C9 /* HomeViewController.swift in Sources */ = {isa = PBXBuildFile; fileRef = 5B029AF129A5F9EB003829C9 /* HomeViewController.swift */; };
		5B029AF429A5FA47003829C9 /* ScoreTableViewCell.swift in Sources */ = {isa = PBXBuildFile; fileRef = 5B029AF329A5FA47003829C9 /* ScoreTableViewCell.swift */; };
		5B029AF629A6030A003829C9 /* CricketScore.json in Resources */ = {isa = PBXBuildFile; fileRef = 5B029AF529A6030A003829C9 /* CricketScore.json */; };
		5B029AF829A603AB003829C9 /* ScoreModel.swift in Sources */ = {isa = PBXBuildFile; fileRef = 5B029AF729A603AB003829C9 /* ScoreModel.swift */; };
		5B029AFA29A61425003829C9 /* GoogleService-Info.plist in Resources */ = {isa = PBXBuildFile; fileRef = 5B029AF929A61425003829C9 /* GoogleService-Info.plist */; };
		5B029AFD29A6179C003829C9 /* FirebaseAuth in Frameworks */ = {isa = PBXBuildFile; productRef = 5B029AFC29A6179C003829C9 /* FirebaseAuth */; };
		5B029AFF29A6179C003829C9 /* FirebaseAuthCombine-Community in Frameworks */ = {isa = PBXBuildFile; productRef = 5B029AFE29A6179C003829C9 /* FirebaseAuthCombine-Community */; };
		5B029B0129A6179C003829C9 /* FirebaseFirestore in Frameworks */ = {isa = PBXBuildFile; productRef = 5B029B0029A6179C003829C9 /* FirebaseFirestore */; };
		5B029B0329A6179C003829C9 /* FirebaseStorage in Frameworks */ = {isa = PBXBuildFile; productRef = 5B029B0229A6179C003829C9 /* FirebaseStorage */; };
		5B029B0529A6344D003829C9 /* LiveTableViewCell.swift in Sources */ = {isa = PBXBuildFile; fileRef = 5B029B0429A6344D003829C9 /* LiveTableViewCell.swift */; };
		5B029B0729A634D1003829C9 /* LiveCollectionViewCell.swift in Sources */ = {isa = PBXBuildFile; fileRef = 5B029B0629A634D1003829C9 /* LiveCollectionViewCell.swift */; };
		5B9669CF29A73784009A0A65 /* DataModel.xcdatamodeld in Sources */ = {isa = PBXBuildFile; fileRef = 5B9669CD29A73784009A0A65 /* DataModel.xcdatamodeld */; };
		5B9669D129A759AA009A0A65 /* tableViewController.swift in Sources */ = {isa = PBXBuildFile; fileRef = 5B9669D029A759AA009A0A65 /* tableViewController.swift */; };
		5B9669D329A75A63009A0A65 /* SavedDataTableViewCell.swift in Sources */ = {isa = PBXBuildFile; fileRef = 5B9669D229A75A63009A0A65 /* SavedDataTableViewCell.swift */; };
/* End PBXBuildFile section */

/* Begin PBXCopyFilesBuildPhase section */
		5BEE0CA729ACD359003A62C6 /* Embed Foundation Extensions */ = {
			isa = PBXCopyFilesBuildPhase;
			buildActionMask = 2147483647;
			dstPath = "";
			dstSubfolderSpec = 13;
			files = (
			);
			name = "Embed Foundation Extensions";
			runOnlyForDeploymentPostprocessing = 0;
		};
/* End PBXCopyFilesBuildPhase section */

/* Begin PBXFileReference section */
		5B029ADA29A5EC02003829C9 /* Exam2.app */ = {isa = PBXFileReference; explicitFileType = wrapper.application; includeInIndex = 0; path = Exam2.app; sourceTree = BUILT_PRODUCTS_DIR; };
		5B029ADD29A5EC02003829C9 /* AppDelegate.swift */ = {isa = PBXFileReference; lastKnownFileType = sourcecode.swift; path = AppDelegate.swift; sourceTree = "<group>"; };
		5B029ADF29A5EC02003829C9 /* SceneDelegate.swift */ = {isa = PBXFileReference; lastKnownFileType = sourcecode.swift; path = SceneDelegate.swift; sourceTree = "<group>"; };
		5B029AE129A5EC02003829C9 /* ViewController.swift */ = {isa = PBXFileReference; lastKnownFileType = sourcecode.swift; path = ViewController.swift; sourceTree = "<group>"; };
		5B029AE429A5EC02003829C9 /* Base */ = {isa = PBXFileReference; lastKnownFileType = file.storyboard; name = Base; path = Base.lproj/Main.storyboard; sourceTree = "<group>"; };
		5B029AE629A5EC03003829C9 /* Assets.xcassets */ = {isa = PBXFileReference; lastKnownFileType = folder.assetcatalog; path = Assets.xcassets; sourceTree = "<group>"; };
		5B029AE929A5EC03003829C9 /* Base */ = {isa = PBXFileReference; lastKnownFileType = file.storyboard; name = Base; path = Base.lproj/LaunchScreen.storyboard; sourceTree = "<group>"; };
		5B029AEB29A5EC03003829C9 /* Info.plist */ = {isa = PBXFileReference; lastKnownFileType = text.plist.xml; path = Info.plist; sourceTree = "<group>"; };
		5B029AF129A5F9EB003829C9 /* HomeViewController.swift */ = {isa = PBXFileReference; lastKnownFileType = sourcecode.swift; path = HomeViewController.swift; sourceTree = "<group>"; };
		5B029AF329A5FA47003829C9 /* ScoreTableViewCell.swift */ = {isa = PBXFileReference; lastKnownFileType = sourcecode.swift; path = ScoreTableViewCell.swift; sourceTree = "<group>"; };
		5B029AF529A6030A003829C9 /* CricketScore.json */ = {isa = PBXFileReference; fileEncoding = 4; lastKnownFileType = text.json; path = CricketScore.json; sourceTree = "<group>"; };
		5B029AF729A603AB003829C9 /* ScoreModel.swift */ = {isa = PBXFileReference; fileEncoding = 4; lastKnownFileType = sourcecode.swift; path = ScoreModel.swift; sourceTree = "<group>"; };
		5B029AF929A61425003829C9 /* GoogleService-Info.plist */ = {isa = PBXFileReference; fileEncoding = 4; lastKnownFileType = text.plist.xml; path = "GoogleService-Info.plist"; sourceTree = "<group>"; };
		5B029B0429A6344D003829C9 /* LiveTableViewCell.swift */ = {isa = PBXFileReference; lastKnownFileType = sourcecode.swift; path = LiveTableViewCell.swift; sourceTree = "<group>"; };
		5B029B0629A634D1003829C9 /* LiveCollectionViewCell.swift */ = {isa = PBXFileReference; lastKnownFileType = sourcecode.swift; path = LiveCollectionViewCell.swift; sourceTree = "<group>"; };
		5B9669CE29A73784009A0A65 /* DataModel.xcdatamodel */ = {isa = PBXFileReference; lastKnownFileType = wrapper.xcdatamodel; path = DataModel.xcdatamodel; sourceTree = "<group>"; };
		5B9669D029A759AA009A0A65 /* tableViewController.swift */ = {isa = PBXFileReference; lastKnownFileType = sourcecode.swift; path = tableViewController.swift; sourceTree = "<group>"; };
		5B9669D229A75A63009A0A65 /* SavedDataTableViewCell.swift */ = {isa = PBXFileReference; lastKnownFileType = sourcecode.swift; path = SavedDataTableViewCell.swift; sourceTree = "<group>"; };
		5BEE0C9329ACD357003A62C6 /* WidgetKit.framework */ = {isa = PBXFileReference; lastKnownFileType = wrapper.framework; name = WidgetKit.framework; path = System/Library/Frameworks/WidgetKit.framework; sourceTree = SDKROOT; };
		5BEE0C9529ACD357003A62C6 /* SwiftUI.framework */ = {isa = PBXFileReference; lastKnownFileType = wrapper.framework; name = SwiftUI.framework; path = System/Library/Frameworks/SwiftUI.framework; sourceTree = SDKROOT; };
/* End PBXFileReference section */

/* Begin PBXFrameworksBuildPhase section */
		5B029AD729A5EC02003829C9 /* Frameworks */ = {
			isa = PBXFrameworksBuildPhase;
			buildActionMask = 2147483647;
			files = (
				5B029B0129A6179C003829C9 /* FirebaseFirestore in Frameworks */,
				5B029AFF29A6179C003829C9 /* FirebaseAuthCombine-Community in Frameworks */,
				5B029B0329A6179C003829C9 /* FirebaseStorage in Frameworks */,
				5B029AFD29A6179C003829C9 /* FirebaseAuth in Frameworks */,
			);
			runOnlyForDeploymentPostprocessing = 0;
		};
/* End PBXFrameworksBuildPhase section */

/* Begin PBXGroup section */
		5B029AD129A5EC01003829C9 = {
			isa = PBXGroup;
			children = (
				5B029ADC29A5EC02003829C9 /* Exam2 */,
				5BEE0C9229ACD357003A62C6 /* Frameworks */,
				5B029ADB29A5EC02003829C9 /* Products */,
			);
			sourceTree = "<group>";
		};
		5B029ADB29A5EC02003829C9 /* Products */ = {
			isa = PBXGroup;
			children = (
				5B029ADA29A5EC02003829C9 /* Exam2.app */,
			);
			name = Products;
			sourceTree = "<group>";
		};
		5B029ADC29A5EC02003829C9 /* Exam2 */ = {
			isa = PBXGroup;
			children = (
				5B029AF529A6030A003829C9 /* CricketScore.json */,
				5B029AF729A603AB003829C9 /* ScoreModel.swift */,
				5B029ADD29A5EC02003829C9 /* AppDelegate.swift */,
				5B9669D229A75A63009A0A65 /* SavedDataTableViewCell.swift */,
				5B029ADF29A5EC02003829C9 /* SceneDelegate.swift */,
				5B9669CD29A73784009A0A65 /* DataModel.xcdatamodeld */,
				5B029AE129A5EC02003829C9 /* ViewController.swift */,
				5B9669D029A759AA009A0A65 /* tableViewController.swift */,
				5B029AE329A5EC02003829C9 /* Main.storyboard */,
				5B029B0429A6344D003829C9 /* LiveTableViewCell.swift */,
				5B029B0629A634D1003829C9 /* LiveCollectionViewCell.swift */,
				5B029AF129A5F9EB003829C9 /* HomeViewController.swift */,
				5B029AF329A5FA47003829C9 /* ScoreTableViewCell.swift */,
				5B029AE629A5EC03003829C9 /* Assets.xcassets */,
				5B029AE829A5EC03003829C9 /* LaunchScreen.storyboard */,
				5B029AF929A61425003829C9 /* GoogleService-Info.plist */,
				5B029AEB29A5EC03003829C9 /* Info.plist */,
			);
			path = Exam2;
			sourceTree = "<group>";
		};
		5BEE0C9229ACD357003A62C6 /* Frameworks */ = {
			isa = PBXGroup;
			children = (
				5BEE0C9329ACD357003A62C6 /* WidgetKit.framework */,
				5BEE0C9529ACD357003A62C6 /* SwiftUI.framework */,
			);
			name = Frameworks;
			sourceTree = "<group>";
		};
/* End PBXGroup section */

/* Begin PBXNativeTarget section */
		5B029AD929A5EC02003829C9 /* Exam2 */ = {
			isa = PBXNativeTarget;
			buildConfigurationList = 5B029AEE29A5EC03003829C9 /* Build configuration list for PBXNativeTarget "Exam2" */;
			buildPhases = (
				5B029AD629A5EC02003829C9 /* Sources */,
				5B029AD729A5EC02003829C9 /* Frameworks */,
				5B029AD829A5EC02003829C9 /* Resources */,
				5BEE0CA729ACD359003A62C6 /* Embed Foundation Extensions */,
			);
			buildRules = (
			);
			dependencies = (
			);
			name = Exam2;
			packageProductDependencies = (
				5B029AFC29A6179C003829C9 /* FirebaseAuth */,
				5B029AFE29A6179C003829C9 /* FirebaseAuthCombine-Community */,
				5B029B0029A6179C003829C9 /* FirebaseFirestore */,
				5B029B0229A6179C003829C9 /* FirebaseStorage */,
			);
			productName = Exam2;
			productReference = 5B029ADA29A5EC02003829C9 /* Exam2.app */;
			productType = "com.apple.product-type.application";
		};
/* End PBXNativeTarget section */

/* Begin PBXProject section */
		5B029AD229A5EC01003829C9 /* Project object */ = {
			isa = PBXProject;
			attributes = {
				BuildIndependentTargetsInParallel = 1;
				LastSwiftUpdateCheck = 1420;
				LastUpgradeCheck = 1420;
				TargetAttributes = {
					5B029AD929A5EC02003829C9 = {
						CreatedOnToolsVersion = 14.2;
					};
				};
			};
			buildConfigurationList = 5B029AD529A5EC02003829C9 /* Build configuration list for PBXProject "Exam2" */;
			compatibilityVersion = "Xcode 14.0";
			developmentRegion = en;
			hasScannedForEncodings = 0;
			knownRegions = (
				en,
				Base,
			);
			mainGroup = 5B029AD129A5EC01003829C9;
			packageReferences = (
				5B029AFB29A6179C003829C9 /* XCRemoteSwiftPackageReference "firebase-ios-sdk" */,
			);
			productRefGroup = 5B029ADB29A5EC02003829C9 /* Products */;
			projectDirPath = "";
			projectRoot = "";
			targets = (
				5B029AD929A5EC02003829C9 /* Exam2 */,
			);
		};
/* End PBXProject section */

/* Begin PBXResourcesBuildPhase section */
		5B029AD829A5EC02003829C9 /* Resources */ = {
			isa = PBXResourcesBuildPhase;
			buildActionMask = 2147483647;
			files = (
				5B029AEA29A5EC03003829C9 /* LaunchScreen.storyboard in Resources */,
				5B029AE729A5EC03003829C9 /* Assets.xcassets in Resources */,
				5B029AFA29A61425003829C9 /* GoogleService-Info.plist in Resources */,
				5B029AF629A6030A003829C9 /* CricketScore.json in Resources */,
				5B029AE529A5EC02003829C9 /* Main.storyboard in Resources */,
			);
			runOnlyForDeploymentPostprocessing = 0;
		};
/* End PBXResourcesBuildPhase section */

/* Begin PBXSourcesBuildPhase section */
		5B029AD629A5EC02003829C9 /* Sources */ = {
			isa = PBXSourcesBuildPhase;
			buildActionMask = 2147483647;
			files = (
				5B029AF829A603AB003829C9 /* ScoreModel.swift in Sources */,
				5B029AF429A5FA47003829C9 /* ScoreTableViewCell.swift in Sources */,
				5B029AE229A5EC02003829C9 /* ViewController.swift in Sources */,
				5B029B0529A6344D003829C9 /* LiveTableViewCell.swift in Sources */,
				5B029ADE29A5EC02003829C9 /* AppDelegate.swift in Sources */,
				5B029AE029A5EC02003829C9 /* SceneDelegate.swift in Sources */,
				5B9669CF29A73784009A0A65 /* DataModel.xcdatamodeld in Sources */,
				5B029B0729A634D1003829C9 /* LiveCollectionViewCell.swift in Sources */,
				5B029AF229A5F9EB003829C9 /* HomeViewController.swift in Sources */,
				5B9669D129A759AA009A0A65 /* tableViewController.swift in Sources */,
				5B9669D329A75A63009A0A65 /* SavedDataTableViewCell.swift in Sources */,
			);
			runOnlyForDeploymentPostprocessing = 0;
		};
/* End PBXSourcesBuildPhase section */

/* Begin PBXVariantGroup section */
		5B029AE329A5EC02003829C9 /* Main.storyboard */ = {
			isa = PBXVariantGroup;
			children = (
				5B029AE429A5EC02003829C9 /* Base */,
			);
			name = Main.storyboard;
			sourceTree = "<group>";
		};
		5B029AE829A5EC03003829C9 /* LaunchScreen.storyboard */ = {
			isa = PBXVariantGroup;
			children = (
				5B029AE929A5EC03003829C9 /* Base */,
			);
			name = LaunchScreen.storyboard;
			sourceTree = "<group>";
		};
/* End PBXVariantGroup section */

/* Begin XCBuildConfiguration section */
		5B029AEC29A5EC03003829C9 /* Debug */ = {
			isa = XCBuildConfiguration;
			buildSettings = {
				ALWAYS_SEARCH_USER_PATHS = NO;
				CLANG_ANALYZER_NONNULL = YES;
				CLANG_ANALYZER_NUMBER_OBJECT_CONVERSION = YES_AGGRESSIVE;
				CLANG_CXX_LANGUAGE_STANDARD = "gnu++20";
				CLANG_ENABLE_MODULES = YES;
				CLANG_ENABLE_OBJC_ARC = YES;
				CLANG_ENABLE_OBJC_WEAK = YES;
				CLANG_WARN_BLOCK_CAPTURE_AUTORELEASING = YES;
				CLANG_WARN_BOOL_CONVERSION = YES;
				CLANG_WARN_COMMA = YES;
				CLANG_WARN_CONSTANT_CONVERSION = YES;
				CLANG_WARN_DEPRECATED_OBJC_IMPLEMENTATIONS = YES;
				CLANG_WARN_DIRECT_OBJC_ISA_USAGE = YES_ERROR;
				CLANG_WARN_DOCUMENTATION_COMMENTS = YES;
				CLANG_WARN_EMPTY_BODY = YES;
				CLANG_WARN_ENUM_CONVERSION = YES;
				CLANG_WARN_INFINITE_RECURSION = YES;
				CLANG_WARN_INT_CONVERSION = YES;
				CLANG_WARN_NON_LITERAL_NULL_CONVERSION = YES;
				CLANG_WARN_OBJC_IMPLICIT_RETAIN_SELF = YES;
				CLANG_WARN_OBJC_LITERAL_CONVERSION = YES;
				CLANG_WARN_OBJC_ROOT_CLASS = YES_ERROR;
				CLANG_WARN_QUOTED_INCLUDE_IN_FRAMEWORK_HEADER = YES;
				CLANG_WARN_RANGE_LOOP_ANALYSIS = YES;
				CLANG_WARN_STRICT_PROTOTYPES = YES;
				CLANG_WARN_SUSPICIOUS_MOVE = YES;
				CLANG_WARN_UNGUARDED_AVAILABILITY = YES_AGGRESSIVE;
				CLANG_WARN_UNREACHABLE_CODE = YES;
				CLANG_WARN__DUPLICATE_METHOD_MATCH = YES;
				COPY_PHASE_STRIP = NO;
				DEBUG_INFORMATION_FORMAT = dwarf;
				ENABLE_STRICT_OBJC_MSGSEND = YES;
				ENABLE_TESTABILITY = YES;
				GCC_C_LANGUAGE_STANDARD = gnu11;
				GCC_DYNAMIC_NO_PIC = NO;
				GCC_NO_COMMON_BLOCKS = YES;
				GCC_OPTIMIZATION_LEVEL = 0;
				GCC_PREPROCESSOR_DEFINITIONS = (
					"DEBUG=1",
					"$(inherited)",
				);
				GCC_WARN_64_TO_32_BIT_CONVERSION = YES;
				GCC_WARN_ABOUT_RETURN_TYPE = YES_ERROR;
				GCC_WARN_UNDECLARED_SELECTOR = YES;
				GCC_WARN_UNINITIALIZED_AUTOS = YES_AGGRESSIVE;
				GCC_WARN_UNUSED_FUNCTION = YES;
				GCC_WARN_UNUSED_VARIABLE = YES;
				IPHONEOS_DEPLOYMENT_TARGET = 16.2;
				MTL_ENABLE_DEBUG_INFO = INCLUDE_SOURCE;
				MTL_FAST_MATH = YES;
				ONLY_ACTIVE_ARCH = YES;
				SDKROOT = iphoneos;
				SWIFT_ACTIVE_COMPILATION_CONDITIONS = DEBUG;
				SWIFT_OPTIMIZATION_LEVEL = "-Onone";
			};
			name = Debug;
		};
		5B029AED29A5EC03003829C9 /* Release */ = {
			isa = XCBuildConfiguration;
			buildSettings = {
				ALWAYS_SEARCH_USER_PATHS = NO;
				CLANG_ANALYZER_NONNULL = YES;
				CLANG_ANALYZER_NUMBER_OBJECT_CONVERSION = YES_AGGRESSIVE;
				CLANG_CXX_LANGUAGE_STANDARD = "gnu++20";
				CLANG_ENABLE_MODULES = YES;
				CLANG_ENABLE_OBJC_ARC = YES;
				CLANG_ENABLE_OBJC_WEAK = YES;
				CLANG_WARN_BLOCK_CAPTURE_AUTORELEASING = YES;
				CLANG_WARN_BOOL_CONVERSION = YES;
				CLANG_WARN_COMMA = YES;
				CLANG_WARN_CONSTANT_CONVERSION = YES;
				CLANG_WARN_DEPRECATED_OBJC_IMPLEMENTATIONS = YES;
				CLANG_WARN_DIRECT_OBJC_ISA_USAGE = YES_ERROR;
				CLANG_WARN_DOCUMENTATION_COMMENTS = YES;
				CLANG_WARN_EMPTY_BODY = YES;
				CLANG_WARN_ENUM_CONVERSION = YES;
				CLANG_WARN_INFINITE_RECURSION = YES;
				CLANG_WARN_INT_CONVERSION = YES;
				CLANG_WARN_NON_LITERAL_NULL_CONVERSION = YES;
				CLANG_WARN_OBJC_IMPLICIT_RETAIN_SELF = YES;
				CLANG_WARN_OBJC_LITERAL_CONVERSION = YES;
				CLANG_WARN_OBJC_ROOT_CLASS = YES_ERROR;
				CLANG_WARN_QUOTED_INCLUDE_IN_FRAMEWORK_HEADER = YES;
				CLANG_WARN_RANGE_LOOP_ANALYSIS = YES;
				CLANG_WARN_STRICT_PROTOTYPES = YES;
				CLANG_WARN_SUSPICIOUS_MOVE = YES;
				CLANG_WARN_UNGUARDED_AVAILABILITY = YES_AGGRESSIVE;
				CLANG_WARN_UNREACHABLE_CODE = YES;
				CLANG_WARN__DUPLICATE_METHOD_MATCH = YES;
				COPY_PHASE_STRIP = NO;
				DEBUG_INFORMATION_FORMAT = "dwarf-with-dsym";
				ENABLE_NS_ASSERTIONS = NO;
				ENABLE_STRICT_OBJC_MSGSEND = YES;
				GCC_C_LANGUAGE_STANDARD = gnu11;
				GCC_NO_COMMON_BLOCKS = YES;
				GCC_WARN_64_TO_32_BIT_CONVERSION = YES;
				GCC_WARN_ABOUT_RETURN_TYPE = YES_ERROR;
				GCC_WARN_UNDECLARED_SELECTOR = YES;
				GCC_WARN_UNINITIALIZED_AUTOS = YES_AGGRESSIVE;
				GCC_WARN_UNUSED_FUNCTION = YES;
				GCC_WARN_UNUSED_VARIABLE = YES;
				IPHONEOS_DEPLOYMENT_TARGET = 16.2;
				MTL_ENABLE_DEBUG_INFO = NO;
				MTL_FAST_MATH = YES;
				SDKROOT = iphoneos;
				SWIFT_COMPILATION_MODE = wholemodule;
				SWIFT_OPTIMIZATION_LEVEL = "-O";
				VALIDATE_PRODUCT = YES;
			};
			name = Release;
		};
		5B029AEF29A5EC03003829C9 /* Debug */ = {
			isa = XCBuildConfiguration;
			buildSettings = {
				ALWAYS_EMBED_SWIFT_STANDARD_LIBRARIES = YES;
				ASSETCATALOG_COMPILER_APPICON_NAME = AppIcon;
				ASSETCATALOG_COMPILER_GLOBAL_ACCENT_COLOR_NAME = AccentColor;
				CODE_SIGN_STYLE = Automatic;
				CURRENT_PROJECT_VERSION = 1;
				DEVELOPMENT_TEAM = N2JDN3QDD9;
				GENERATE_INFOPLIST_FILE = YES;
				INFOPLIST_FILE = Exam2/Info.plist;
				INFOPLIST_KEY_UIApplicationSupportsIndirectInputEvents = YES;
				INFOPLIST_KEY_UILaunchStoryboardName = LaunchScreen;
				INFOPLIST_KEY_UIMainStoryboardFile = Main;
				INFOPLIST_KEY_UISupportedInterfaceOrientations_iPad = "UIInterfaceOrientationPortrait UIInterfaceOrientationPortraitUpsideDown UIInterfaceOrientationLandscapeLeft UIInterfaceOrientationLandscapeRight";
				INFOPLIST_KEY_UISupportedInterfaceOrientations_iPhone = "UIInterfaceOrientationPortrait UIInterfaceOrientationLandscapeLeft UIInterfaceOrientationLandscapeRight";
				LD_RUNPATH_SEARCH_PATHS = (
					"$(inherited)",
					"@executable_path/Frameworks",
				);
				MARKETING_VERSION = 1.0;
				PRODUCT_BUNDLE_IDENTIFIER = io.technomark.Exam2;
				PRODUCT_NAME = "$(TARGET_NAME)";
				SWIFT_EMIT_LOC_STRINGS = YES;
				SWIFT_VERSION = 5.0;
				TARGETED_DEVICE_FAMILY = "1,2";
			};
			name = Debug;
		};
		5B029AF029A5EC03003829C9 /* Release */ = {
			isa = XCBuildConfiguration;
			buildSettings = {
				ALWAYS_EMBED_SWIFT_STANDARD_LIBRARIES = YES;
				ASSETCATALOG_COMPILER_APPICON_NAME = AppIcon;
				ASSETCATALOG_COMPILER_GLOBAL_ACCENT_COLOR_NAME = AccentColor;
				CODE_SIGN_STYLE = Automatic;
				CURRENT_PROJECT_VERSION = 1;
				DEVELOPMENT_TEAM = N2JDN3QDD9;
				GENERATE_INFOPLIST_FILE = YES;
				INFOPLIST_FILE = Exam2/Info.plist;
				INFOPLIST_KEY_UIApplicationSupportsIndirectInputEvents = YES;
				INFOPLIST_KEY_UILaunchStoryboardName = LaunchScreen;
				INFOPLIST_KEY_UIMainStoryboardFile = Main;
				INFOPLIST_KEY_UISupportedInterfaceOrientations_iPad = "UIInterfaceOrientationPortrait UIInterfaceOrientationPortraitUpsideDown UIInterfaceOrientationLandscapeLeft UIInterfaceOrientationLandscapeRight";
				INFOPLIST_KEY_UISupportedInterfaceOrientations_iPhone = "UIInterfaceOrientationPortrait UIInterfaceOrientationLandscapeLeft UIInterfaceOrientationLandscapeRight";
				LD_RUNPATH_SEARCH_PATHS = (
					"$(inherited)",
					"@executable_path/Frameworks",
				);
				MARKETING_VERSION = 1.0;
				PRODUCT_BUNDLE_IDENTIFIER = io.technomark.Exam2;
				PRODUCT_NAME = "$(TARGET_NAME)";
				SWIFT_EMIT_LOC_STRINGS = YES;
				SWIFT_VERSION = 5.0;
				TARGETED_DEVICE_FAMILY = "1,2";
			};
			name = Release;
		};
/* End XCBuildConfiguration section */

/* Begin XCConfigurationList section */
		5B029AD529A5EC02003829C9 /* Build configuration list for PBXProject "Exam2" */ = {
			isa = XCConfigurationList;
			buildConfigurations = (
				5B029AEC29A5EC03003829C9 /* Debug */,
				5B029AED29A5EC03003829C9 /* Release */,
			);
			defaultConfigurationIsVisible = 0;
			defaultConfigurationName = Release;
		};
		5B029AEE29A5EC03003829C9 /* Build configuration list for PBXNativeTarget "Exam2" */ = {
			isa = XCConfigurationList;
			buildConfigurations = (
				5B029AEF29A5EC03003829C9 /* Debug */,
				5B029AF029A5EC03003829C9 /* Release */,
			);
			defaultConfigurationIsVisible = 0;
			defaultConfigurationName = Release;
		};
/* End XCConfigurationList section */

/* Begin XCRemoteSwiftPackageReference section */
		5B029AFB29A6179C003829C9 /* XCRemoteSwiftPackageReference "firebase-ios-sdk" */ = {
			isa = XCRemoteSwiftPackageReference;
			repositoryURL = "https://github.com/firebase/firebase-ios-sdk";
			requirement = {
				kind = upToNextMajorVersion;
				minimumVersion = 9.0.0;
			};
		};
/* End XCRemoteSwiftPackageReference section */

/* Begin XCSwiftPackageProductDependency section */
		5B029AFC29A6179C003829C9 /* FirebaseAuth */ = {
			isa = XCSwiftPackageProductDependency;
			package = 5B029AFB29A6179C003829C9 /* XCRemoteSwiftPackageReference "firebase-ios-sdk" */;
			productName = FirebaseAuth;
		};
		5B029AFE29A6179C003829C9 /* FirebaseAuthCombine-Community */ = {
			isa = XCSwiftPackageProductDependency;
			package = 5B029AFB29A6179C003829C9 /* XCRemoteSwiftPackageReference "firebase-ios-sdk" */;
			productName = "FirebaseAuthCombine-Community";
		};
		5B029B0029A6179C003829C9 /* FirebaseFirestore */ = {
			isa = XCSwiftPackageProductDependency;
			package = 5B029AFB29A6179C003829C9 /* XCRemoteSwiftPackageReference "firebase-ios-sdk" */;
			productName = FirebaseFirestore;
		};
		5B029B0229A6179C003829C9 /* FirebaseStorage */ = {
			isa = XCSwiftPackageProductDependency;
			package = 5B029AFB29A6179C003829C9 /* XCRemoteSwiftPackageReference "firebase-ios-sdk" */;
			productName = FirebaseStorage;
		};
/* End XCSwiftPackageProductDependency section */

/* Begin XCVersionGroup section */
		5B9669CD29A73784009A0A65 /* DataModel.xcdatamodeld */ = {
			isa = XCVersionGroup;
			children = (
				5B9669CE29A73784009A0A65 /* DataModel.xcdatamodel */,
			);
			currentVersion = 5B9669CE29A73784009A0A65 /* DataModel.xcdatamodel */;
			path = DataModel.xcdatamodeld;
			sourceTree = "<group>";
			versionGroupType = wrapper.xcdatamodel;
		};
/* End XCVersionGroup section */
	};
	rootObject = 5B029AD229A5EC01003829C9 /* Project object */;
}
